
Microsoft Visual Studio Solution File, Format Version 12.00
# Visual Studio Version 17
VisualStudioVersion = 17.5.2.0
MinimumVisualStudioVersion = 10.0.40219.1
Project("{FAE04EC0-301F-11D3-BF4B-00C04F79EFBC}") = "Gestão de Hotel", "Gestão de Hotel.csproj", "{2D4F6B6D-8467-7073-2396-9D1FE77E5CA4}"
EndProject
Global
	GlobalSection(SolutionConfigurationPlatforms) = preSolution
		Debug|Any CPU = Debug|Any CPU
		Release|Any CPU = Release|Any CPU
	EndGlobalSection
	GlobalSection(ProjectConfigurationPlatforms) = postSolution
		{2D4F6B6D-8467-7073-2396-9D1FE77E5CA4}.Debug|Any CPU.ActiveCfg = Debug|Any CPU
		{2D4F6B6D-8467-7073-2396-9D1FE77E5CA4}.Debug|Any CPU.Build.0 = Debug|Any CPU
		{2D4F6B6D-8467-7073-2396-9D1FE77E5CA4}.Release|Any CPU.ActiveCfg = Release|Any CPU
		{2D4F6B6D-8467-7073-2396-9D1FE77E5CA4}.Release|Any CPU.Build.0 = Release|Any CPU
	EndGlobalSection
	GlobalSection(SolutionProperties) = preSolution
		HideSolutionNode = FALSE
	EndGlobalSection
	GlobalSection(ExtensibilityGlobals) = postSolution
		SolutionGuid = {FB467AAE-01BD-4440-B129-A7F3025620E2}
	EndGlobalSection
EndGlobal
