
Microsoft Visual Studio Solution File, Format Version 12.00
# Visual Studio Version 17
VisualStudioVersion = 17.5.2.0
MinimumVisualStudioVersion = 10.0.40219.1
Project("{FAE04EC0-301F-11D3-BF4B-00C04F79EFBC}") = "Introdução POO", "Introdução POO.csproj", "{8B24E4BF-4AF0-32D0-75D4-91B3124F5364}"
EndProject
Global
	GlobalSection(SolutionConfigurationPlatforms) = preSolution
		Debug|Any CPU = Debug|Any CPU
		Release|Any CPU = Release|Any CPU
	EndGlobalSection
	GlobalSection(ProjectConfigurationPlatforms) = postSolution
		{8B24E4BF-4AF0-32D0-75D4-91B3124F5364}.Debug|Any CPU.ActiveCfg = Debug|Any CPU
		{8B24E4BF-4AF0-32D0-75D4-91B3124F5364}.Debug|Any CPU.Build.0 = Debug|Any CPU
		{8B24E4BF-4AF0-32D0-75D4-91B3124F5364}.Release|Any CPU.ActiveCfg = Release|Any CPU
		{8B24E4BF-4AF0-32D0-75D4-91B3124F5364}.Release|Any CPU.Build.0 = Release|Any CPU
	EndGlobalSection
	GlobalSection(SolutionProperties) = preSolution
		HideSolutionNode = FALSE
	EndGlobalSection
	GlobalSection(ExtensibilityGlobals) = postSolution
		SolutionGuid = {2247DB57-CC38-41CD-B12A-BE35A9735156}
	EndGlobalSection
EndGlobal
